schema: '2.0'
stages:
  data_ingestion:
    cmd: python src/gemstonePrediction/pipeline/training_pipeline.py data_ingestion
    deps:
    - path: src/gemstonePrediction/components/data_ingestion.py
      hash: md5
      md5: 9c50a64e0a9fd6f37dd3533d456f6375
      size: 1704
    - path: src/gemstonePrediction/pipeline/training_pipeline.py
      hash: md5
      md5: 2315ca8e820424e01aff784e711ad451
      size: 2511
    outs:
    - path: artifacts/raw_data.csv
      hash: md5
      md5: e0eeedc1893bbd2c5c2b727533443f13
      size: 10722391
    - path: artifacts/test.csv
      hash: md5
      md5: 3e208ee6e6345dc7904215c14a1bfaaf
      size: 2145310
    - path: artifacts/train.csv
      hash: md5
      md5: 26d5e67f6c132bebc378cbc6b466dfbd
      size: 8577130
  data_transformation:
    cmd: python src/gemstonePrediction/pipeline/training_pipeline.py data_transformation
    deps:
    - path: artifacts/test.csv
      hash: md5
      md5: 3e208ee6e6345dc7904215c14a1bfaaf
      size: 2145310
    - path: artifacts/train.csv
      hash: md5
      md5: 26d5e67f6c132bebc378cbc6b466dfbd
      size: 8577130
    - path: src/gemstonePrediction/components/data_transformation.py
      hash: md5
      md5: 6a1a39e73aaf0263f832bb7f265deae2
      size: 4971
    - path: src/gemstonePrediction/pipeline/training_pipeline.py
      hash: md5
      md5: 2315ca8e820424e01aff784e711ad451
      size: 2511
    outs:
    - path: artifacts/preprocessor.pkl
      hash: md5
      md5: 3080f7c0eff5fe4a71305ff2357cc395
      size: 2611
    - path: artifacts/test_array.npy
      hash: md5
      md5: 95297a6c91643591d8073869052d0f07
      size: 4221824
    - path: artifacts/train_array.npy
      hash: md5
      md5: 2cf32a081673212dee99e9d86df903e6
      size: 16881536
  model_training:
    cmd: python src/gemstonePrediction/pipeline/training_pipeline.py model_training
    deps:
    - path: artifacts/preprocessor.pkl
      hash: md5
      md5: 3080f7c0eff5fe4a71305ff2357cc395
      size: 2611
    - path: src/gemstonePrediction/components/model_training.py
      hash: md5
      md5: deba2882614228e9812cf402ff873ac4
      size: 6201
    - path: src/gemstonePrediction/pipeline/training_pipeline.py
      hash: md5
      md5: 2315ca8e820424e01aff784e711ad451
      size: 2511
    outs:
    - path: artifacts/model.pkl
      hash: md5
      md5: 54ece0938ed410c2bb3d7267f924b504
      size: 4029790
