schema: '2.0'
stages:
  training:
    cmd: python src/gemstonePrediction/pipeline/training_pipeline.py
    deps:
    - path: src/gemstonePrediction/components/data_ingestion.py
      hash: md5
      md5: f3d623a7539e5a0584326b218b197661
      size: 1759
    - path: src/gemstonePrediction/components/data_transformation.py
      hash: md5
      md5: 88b02a08435217cf5b9e954c4e04b4bc
      size: 4457
    - path: src/gemstonePrediction/components/model_evaluation.py
      hash: md5
      md5: cd811d46f81472e370a18d3b809ab8e9
      size: 2365
    - path: src/gemstonePrediction/components/model_training.py
      hash: md5
      md5: 921823bc3807495568b820dacc773e0f
      size: 3811
    - path: src/gemstonePrediction/pipeline/training_pipeline.py
      hash: md5
      md5: b567d35644fbf245902cdf61ff6f31b9
      size: 888
    outs:
    - path: artifacts/model.pkl
      hash: md5
      md5: bab1c568ea73fd4b9e64d7f7adef9484
      size: 924683
    - path: artifacts/preprocessor.pkl
      hash: md5
      md5: 780bce85fe5c76c8a03b0027027de206
      size: 2910
    - path: artifacts/raw_data.csv
      hash: md5
      md5: da22774b149ffffcf94e67e3761ab0bb
      size: 10722391
    - path: artifacts/test.csv
      hash: md5
      md5: 63deb3b4ad5b5496aa742eb22024d6b8
      size: 2144085
    - path: artifacts/train.csv
      hash: md5
      md5: 127a446873adc028f46996785b1fced1
      size: 8578355
